
Microsoft Visual Studio Solution File, Format Version 12.00
# Visual Studio Version 17
VisualStudioVersion = 17.10.35004.147
MinimumVisualStudioVersion = 10.0.40219.1
Project("{FAE04EC0-301F-11D3-BF4B-00C04F79EFBC}") = "Client.Management-Api", "Client.Management-Api.csproj", "{250E12FA-49CE-47BF-8251-8C514977D262}"
EndProject
Global
	GlobalSection(SolutionConfigurationPlatforms) = preSolution
		Debug|Any CPU = Debug|Any CPU
		Release|Any CPU = Release|Any CPU
	EndGlobalSection
	GlobalSection(ProjectConfigurationPlatforms) = postSolution
		{250E12FA-49CE-47BF-8251-8C514977D262}.Debug|Any CPU.ActiveCfg = Debug|Any CPU
		{250E12FA-49CE-47BF-8251-8C514977D262}.Debug|Any CPU.Build.0 = Debug|Any CPU
		{250E12FA-49CE-47BF-8251-8C514977D262}.Release|Any CPU.ActiveCfg = Release|Any CPU
		{250E12FA-49CE-47BF-8251-8C514977D262}.Release|Any CPU.Build.0 = Release|Any CPU
	EndGlobalSection
	GlobalSection(SolutionProperties) = preSolution
		HideSolutionNode = FALSE
	EndGlobalSection
	GlobalSection(ExtensibilityGlobals) = postSolution
		SolutionGuid = {3151435C-DBED-40DB-97D9-C510CEC8A3A9}
	EndGlobalSection
EndGlobal
